// !$*UTF8*$!
{
	archiveVersion = 1;
	classes = {
	};
	objectVersion = 55;
	objects = {

/* Begin PBXBuildFile section */
		5501941028A3E2D200EDD9E4 /* EssentialFeedEndToEndAPITests.swift in Sources */ = {isa = PBXBuildFile; fileRef = 5501940F28A3E2D200EDD9E4 /* EssentialFeedEndToEndAPITests.swift */; };
		5501941128A3E2D200EDD9E4 /* EssentialFeed.framework in Frameworks */ = {isa = PBXBuildFile; fileRef = 550B6FAD289AEEFE0025DB90 /* EssentialFeed.framework */; };
		5501941728A3F4F700EDD9E4 /* XCTestCase+MemoryLeakTracking.swift in Sources */ = {isa = PBXBuildFile; fileRef = 55B2FC2228A2989C00E8C82F /* XCTestCase+MemoryLeakTracking.swift */; };
		5508A2A128AA743300A2CB30 /* LocalFeedLoader.swift in Sources */ = {isa = PBXBuildFile; fileRef = 5508A2A028AA743300A2CB30 /* LocalFeedLoader.swift */; };
		5508A2A328AA74C000A2CB30 /* FeedStore.swift in Sources */ = {isa = PBXBuildFile; fileRef = 5508A2A228AA74C000A2CB30 /* FeedStore.swift */; };
		5508A2A528AA8D6100A2CB30 /* RemoteFeedItem.swift in Sources */ = {isa = PBXBuildFile; fileRef = 5508A2A428AA8D6100A2CB30 /* RemoteFeedItem.swift */; };
		5508A2A728AA8D9800A2CB30 /* LocalFeedImage.swift in Sources */ = {isa = PBXBuildFile; fileRef = 5508A2A628AA8D9800A2CB30 /* LocalFeedImage.swift */; };
		550B6FB2289AEEFE0025DB90 /* EssentialFeed.docc in Sources */ = {isa = PBXBuildFile; fileRef = 550B6FB1289AEEFE0025DB90 /* EssentialFeed.docc */; };
		550B6FB8289AEEFE0025DB90 /* EssentialFeed.framework in Frameworks */ = {isa = PBXBuildFile; fileRef = 550B6FAD289AEEFE0025DB90 /* EssentialFeed.framework */; };
		550B6FBE289AEEFE0025DB90 /* EssentialFeed.h in Headers */ = {isa = PBXBuildFile; fileRef = 550B6FB0289AEEFE0025DB90 /* EssentialFeed.h */; settings = {ATTRIBUTES = (Public, ); }; };
		550B6FC8289AEF800025DB90 /* FeedImage.swift in Sources */ = {isa = PBXBuildFile; fileRef = 550B6FC7289AEF800025DB90 /* FeedImage.swift */; };
		550B6FCA289AF0100025DB90 /* FeedLoader.swift in Sources */ = {isa = PBXBuildFile; fileRef = 550B6FC9289AF0100025DB90 /* FeedLoader.swift */; };
		5514506528A69D82003538FF /* CacheFeedUseCaseTests.swift in Sources */ = {isa = PBXBuildFile; fileRef = 5514506428A69D82003538FF /* CacheFeedUseCaseTests.swift */; };
		5568023728ACF16B004DB8B2 /* ValidateFeedCacheUseCaseTests.swift in Sources */ = {isa = PBXBuildFile; fileRef = 5568023628ACF16B004DB8B2 /* ValidateFeedCacheUseCaseTests.swift */; };
		5568023928ACF637004DB8B2 /* FeedCacheTestHelpers.swift in Sources */ = {isa = PBXBuildFile; fileRef = 5568023828ACF637004DB8B2 /* FeedCacheTestHelpers.swift */; };
		5568023B28ACF6EC004DB8B2 /* SharedTestHelpers.swift in Sources */ = {isa = PBXBuildFile; fileRef = 5568023A28ACF6EC004DB8B2 /* SharedTestHelpers.swift */; };
		559133FE28AB9303001B7AC9 /* LoadFeedFromCacheUseCaseTests.swift in Sources */ = {isa = PBXBuildFile; fileRef = 559133FD28AB9303001B7AC9 /* LoadFeedFromCacheUseCaseTests.swift */; };
		5591340028AB9412001B7AC9 /* FeedStoreSpy.swift in Sources */ = {isa = PBXBuildFile; fileRef = 559133FF28AB9412001B7AC9 /* FeedStoreSpy.swift */; };
		55A2BD2C28AD44CC00BFE175 /* FeedCachePolicy.swift in Sources */ = {isa = PBXBuildFile; fileRef = 55A2BD2B28AD44CC00BFE175 /* FeedCachePolicy.swift */; };
		55B2FC2328A2989C00E8C82F /* XCTestCase+MemoryLeakTracking.swift in Sources */ = {isa = PBXBuildFile; fileRef = 55B2FC2228A2989C00E8C82F /* XCTestCase+MemoryLeakTracking.swift */; };
		55B2FC2528A2ABF900E8C82F /* URLSessionHTTPClient.swift in Sources */ = {isa = PBXBuildFile; fileRef = 55B2FC2428A2ABF900E8C82F /* URLSessionHTTPClient.swift */; };
		55DD13DE289BCC1200F5BCA6 /* LoadFeedFromRemoteUseCaseTests.swift in Sources */ = {isa = PBXBuildFile; fileRef = 55DD13DD289BCC1200F5BCA6 /* LoadFeedFromRemoteUseCaseTests.swift */; };
		55DD13E1289BE4FC00F5BCA6 /* RemoteFeedLoader.swift in Sources */ = {isa = PBXBuildFile; fileRef = 55DD13E0289BE4FC00F5BCA6 /* RemoteFeedLoader.swift */; };
		55E97911289E9B1100FC4E96 /* HTTPClient.swift in Sources */ = {isa = PBXBuildFile; fileRef = 55E97910289E9B1100FC4E96 /* HTTPClient.swift */; };
		55E97913289E9B9200FC4E96 /* FeedItemsMapper.swift in Sources */ = {isa = PBXBuildFile; fileRef = 55E97912289E9B9200FC4E96 /* FeedItemsMapper.swift */; };
		55EBD3E628A14F550031D031 /* URLSessionHTTPClientTests.swift in Sources */ = {isa = PBXBuildFile; fileRef = 55EBD3E528A14F550031D031 /* URLSessionHTTPClientTests.swift */; };
/* End PBXBuildFile section */

/* Begin PBXContainerItemProxy section */
		5501941228A3E2D200EDD9E4 /* PBXContainerItemProxy */ = {
			isa = PBXContainerItemProxy;
			containerPortal = 550B6FA4289AEEFE0025DB90 /* Project object */;
			proxyType = 1;
			remoteGlobalIDString = 550B6FAC289AEEFE0025DB90;
			remoteInfo = EssentialFeed;
		};
		550B6FB9289AEEFE0025DB90 /* PBXContainerItemProxy */ = {
			isa = PBXContainerItemProxy;
			containerPortal = 550B6FA4289AEEFE0025DB90 /* Project object */;
			proxyType = 1;
			remoteGlobalIDString = 550B6FAC289AEEFE0025DB90;
			remoteInfo = EssentialFeed;
		};
/* End PBXContainerItemProxy section */

/* Begin PBXFileReference section */
		5501940D28A3E2D200EDD9E4 /* EssentialFeedEndToEndAPITests.xctest */ = {isa = PBXFileReference; explicitFileType = wrapper.cfbundle; includeInIndex = 0; path = EssentialFeedEndToEndAPITests.xctest; sourceTree = BUILT_PRODUCTS_DIR; };
		5501940F28A3E2D200EDD9E4 /* EssentialFeedEndToEndAPITests.swift */ = {isa = PBXFileReference; lastKnownFileType = sourcecode.swift; path = EssentialFeedEndToEndAPITests.swift; sourceTree = "<group>"; };
		5508A2A028AA743300A2CB30 /* LocalFeedLoader.swift */ = {isa = PBXFileReference; lastKnownFileType = sourcecode.swift; path = LocalFeedLoader.swift; sourceTree = "<group>"; };
		5508A2A228AA74C000A2CB30 /* FeedStore.swift */ = {isa = PBXFileReference; lastKnownFileType = sourcecode.swift; path = FeedStore.swift; sourceTree = "<group>"; };
		5508A2A428AA8D6100A2CB30 /* RemoteFeedItem.swift */ = {isa = PBXFileReference; lastKnownFileType = sourcecode.swift; path = RemoteFeedItem.swift; sourceTree = "<group>"; };
		5508A2A628AA8D9800A2CB30 /* LocalFeedImage.swift */ = {isa = PBXFileReference; lastKnownFileType = sourcecode.swift; path = LocalFeedImage.swift; sourceTree = "<group>"; };
		550B6FAD289AEEFE0025DB90 /* EssentialFeed.framework */ = {isa = PBXFileReference; explicitFileType = wrapper.framework; includeInIndex = 0; path = EssentialFeed.framework; sourceTree = BUILT_PRODUCTS_DIR; };
		550B6FB0289AEEFE0025DB90 /* EssentialFeed.h */ = {isa = PBXFileReference; lastKnownFileType = sourcecode.c.h; path = EssentialFeed.h; sourceTree = "<group>"; };
		550B6FB1289AEEFE0025DB90 /* EssentialFeed.docc */ = {isa = PBXFileReference; lastKnownFileType = folder.documentationcatalog; path = EssentialFeed.docc; sourceTree = "<group>"; };
		550B6FB7289AEEFE0025DB90 /* EssentialFeedTests.xctest */ = {isa = PBXFileReference; explicitFileType = wrapper.cfbundle; includeInIndex = 0; path = EssentialFeedTests.xctest; sourceTree = BUILT_PRODUCTS_DIR; };
		550B6FC7289AEF800025DB90 /* FeedImage.swift */ = {isa = PBXFileReference; lastKnownFileType = sourcecode.swift; path = FeedImage.swift; sourceTree = "<group>"; };
		550B6FC9289AF0100025DB90 /* FeedLoader.swift */ = {isa = PBXFileReference; lastKnownFileType = sourcecode.swift; path = FeedLoader.swift; sourceTree = "<group>"; };
		5514506428A69D82003538FF /* CacheFeedUseCaseTests.swift */ = {isa = PBXFileReference; lastKnownFileType = sourcecode.swift; path = CacheFeedUseCaseTests.swift; sourceTree = "<group>"; };
		5568023628ACF16B004DB8B2 /* ValidateFeedCacheUseCaseTests.swift */ = {isa = PBXFileReference; lastKnownFileType = sourcecode.swift; path = ValidateFeedCacheUseCaseTests.swift; sourceTree = "<group>"; };
		5568023828ACF637004DB8B2 /* FeedCacheTestHelpers.swift */ = {isa = PBXFileReference; lastKnownFileType = sourcecode.swift; path = FeedCacheTestHelpers.swift; sourceTree = "<group>"; };
		5568023A28ACF6EC004DB8B2 /* SharedTestHelpers.swift */ = {isa = PBXFileReference; lastKnownFileType = sourcecode.swift; path = SharedTestHelpers.swift; sourceTree = "<group>"; };
		559133FD28AB9303001B7AC9 /* LoadFeedFromCacheUseCaseTests.swift */ = {isa = PBXFileReference; lastKnownFileType = sourcecode.swift; path = LoadFeedFromCacheUseCaseTests.swift; sourceTree = "<group>"; };
		559133FF28AB9412001B7AC9 /* FeedStoreSpy.swift */ = {isa = PBXFileReference; lastKnownFileType = sourcecode.swift; path = FeedStoreSpy.swift; sourceTree = "<group>"; };
		55A2BD2B28AD44CC00BFE175 /* FeedCachePolicy.swift */ = {isa = PBXFileReference; lastKnownFileType = sourcecode.swift; path = FeedCachePolicy.swift; sourceTree = "<group>"; };
		55B2FC2228A2989C00E8C82F /* XCTestCase+MemoryLeakTracking.swift */ = {isa = PBXFileReference; lastKnownFileType = sourcecode.swift; path = "XCTestCase+MemoryLeakTracking.swift"; sourceTree = "<group>"; };
		55B2FC2428A2ABF900E8C82F /* URLSessionHTTPClient.swift */ = {isa = PBXFileReference; lastKnownFileType = sourcecode.swift; path = URLSessionHTTPClient.swift; sourceTree = "<group>"; };
		55DD13DD289BCC1200F5BCA6 /* LoadFeedFromRemoteUseCaseTests.swift */ = {isa = PBXFileReference; lastKnownFileType = sourcecode.swift; path = LoadFeedFromRemoteUseCaseTests.swift; sourceTree = "<group>"; };
		55DD13E0289BE4FC00F5BCA6 /* RemoteFeedLoader.swift */ = {isa = PBXFileReference; lastKnownFileType = sourcecode.swift; path = RemoteFeedLoader.swift; sourceTree = "<group>"; };
		55E97910289E9B1100FC4E96 /* HTTPClient.swift */ = {isa = PBXFileReference; lastKnownFileType = sourcecode.swift; path = HTTPClient.swift; sourceTree = "<group>"; };
		55E97912289E9B9200FC4E96 /* FeedItemsMapper.swift */ = {isa = PBXFileReference; lastKnownFileType = sourcecode.swift; path = FeedItemsMapper.swift; sourceTree = "<group>"; };
		55EBD3E528A14F550031D031 /* URLSessionHTTPClientTests.swift */ = {isa = PBXFileReference; lastKnownFileType = sourcecode.swift; path = URLSessionHTTPClientTests.swift; sourceTree = "<group>"; };
/* End PBXFileReference section */

/* Begin PBXFrameworksBuildPhase section */
		5501940A28A3E2D200EDD9E4 /* Frameworks */ = {
			isa = PBXFrameworksBuildPhase;
			buildActionMask = 2147483647;
			files = (
				5501941128A3E2D200EDD9E4 /* EssentialFeed.framework in Frameworks */,
			);
			runOnlyForDeploymentPostprocessing = 0;
		};
		550B6FAA289AEEFE0025DB90 /* Frameworks */ = {
			isa = PBXFrameworksBuildPhase;
			buildActionMask = 2147483647;
			files = (
			);
			runOnlyForDeploymentPostprocessing = 0;
		};
		550B6FB4289AEEFE0025DB90 /* Frameworks */ = {
			isa = PBXFrameworksBuildPhase;
			buildActionMask = 2147483647;
			files = (
				550B6FB8289AEEFE0025DB90 /* EssentialFeed.framework in Frameworks */,
			);
			runOnlyForDeploymentPostprocessing = 0;
		};
/* End PBXFrameworksBuildPhase section */

/* Begin PBXGroup section */
		5501940E28A3E2D200EDD9E4 /* EssentialFeedEndToEndAPITests */ = {
			isa = PBXGroup;
			children = (
				5501940F28A3E2D200EDD9E4 /* EssentialFeedEndToEndAPITests.swift */,
			);
			path = EssentialFeedEndToEndAPITests;
			sourceTree = "<group>";
		};
		5508A29F28AA742700A2CB30 /* Feed Cache */ = {
			isa = PBXGroup;
			children = (
				5508A2A028AA743300A2CB30 /* LocalFeedLoader.swift */,
				5508A2A228AA74C000A2CB30 /* FeedStore.swift */,
				5508A2A628AA8D9800A2CB30 /* LocalFeedImage.swift */,
				55A2BD2B28AD44CC00BFE175 /* FeedCachePolicy.swift */,
			);
			path = "Feed Cache";
			sourceTree = "<group>";
		};
		550B6FA3289AEEFE0025DB90 = {
			isa = PBXGroup;
			children = (
				550B6FAF289AEEFE0025DB90 /* EssentialFeed */,
				550B6FBB289AEEFE0025DB90 /* EssentialFeedTests */,
				5501940E28A3E2D200EDD9E4 /* EssentialFeedEndToEndAPITests */,
				550B6FAE289AEEFE0025DB90 /* Products */,
			);
			sourceTree = "<group>";
		};
		550B6FAE289AEEFE0025DB90 /* Products */ = {
			isa = PBXGroup;
			children = (
				550B6FAD289AEEFE0025DB90 /* EssentialFeed.framework */,
				550B6FB7289AEEFE0025DB90 /* EssentialFeedTests.xctest */,
				5501940D28A3E2D200EDD9E4 /* EssentialFeedEndToEndAPITests.xctest */,
			);
			name = Products;
			sourceTree = "<group>";
		};
		550B6FAF289AEEFE0025DB90 /* EssentialFeed */ = {
			isa = PBXGroup;
			children = (
				5508A29F28AA742700A2CB30 /* Feed Cache */,
				550B6FCB289AF12F0025DB90 /* Feed Feature */,
				55DD13DF289BE4E400F5BCA6 /* Feed API */,
				550B6FB0289AEEFE0025DB90 /* EssentialFeed.h */,
				550B6FB1289AEEFE0025DB90 /* EssentialFeed.docc */,
			);
			path = EssentialFeed;
			sourceTree = "<group>";
		};
		550B6FBB289AEEFE0025DB90 /* EssentialFeedTests */ = {
			isa = PBXGroup;
			children = (
				55B2FC2128A2987A00E8C82F /* Helpers */,
				5514506328A69D49003538FF /* Feed Cache */,
				55E97914289EA3DF00FC4E96 /* Feed API */,
			);
			path = EssentialFeedTests;
			sourceTree = "<group>";
		};
		550B6FCB289AF12F0025DB90 /* Feed Feature */ = {
			isa = PBXGroup;
			children = (
				550B6FC7289AEF800025DB90 /* FeedImage.swift */,
				550B6FC9289AF0100025DB90 /* FeedLoader.swift */,
			);
			path = "Feed Feature";
			sourceTree = "<group>";
		};
		5514506328A69D49003538FF /* Feed Cache */ = {
			isa = PBXGroup;
			children = (
				5591340128AB943D001B7AC9 /* Helpers */,
				5514506428A69D82003538FF /* CacheFeedUseCaseTests.swift */,
				559133FD28AB9303001B7AC9 /* LoadFeedFromCacheUseCaseTests.swift */,
				5568023628ACF16B004DB8B2 /* ValidateFeedCacheUseCaseTests.swift */,
			);
			path = "Feed Cache";
			sourceTree = "<group>";
		};
		5591340128AB943D001B7AC9 /* Helpers */ = {
			isa = PBXGroup;
			children = (
				559133FF28AB9412001B7AC9 /* FeedStoreSpy.swift */,
				5568023828ACF637004DB8B2 /* FeedCacheTestHelpers.swift */,
			);
			path = Helpers;
			sourceTree = "<group>";
		};
		55B2FC2128A2987A00E8C82F /* Helpers */ = {
			isa = PBXGroup;
			children = (
				55B2FC2228A2989C00E8C82F /* XCTestCase+MemoryLeakTracking.swift */,
				5568023A28ACF6EC004DB8B2 /* SharedTestHelpers.swift */,
			);
			path = Helpers;
			sourceTree = "<group>";
		};
		55DD13DF289BE4E400F5BCA6 /* Feed API */ = {
			isa = PBXGroup;
			children = (
				55DD13E0289BE4FC00F5BCA6 /* RemoteFeedLoader.swift */,
				55E97912289E9B9200FC4E96 /* FeedItemsMapper.swift */,
				55E97910289E9B1100FC4E96 /* HTTPClient.swift */,
				55B2FC2428A2ABF900E8C82F /* URLSessionHTTPClient.swift */,
				5508A2A428AA8D6100A2CB30 /* RemoteFeedItem.swift */,
			);
			path = "Feed API";
			sourceTree = "<group>";
		};
		55E97914289EA3DF00FC4E96 /* Feed API */ = {
			isa = PBXGroup;
			children = (
				55DD13DD289BCC1200F5BCA6 /* LoadFeedFromRemoteUseCaseTests.swift */,
				55EBD3E528A14F550031D031 /* URLSessionHTTPClientTests.swift */,
			);
			path = "Feed API";
			sourceTree = "<group>";
		};
/* End PBXGroup section */

/* Begin PBXHeadersBuildPhase section */
		550B6FA8289AEEFE0025DB90 /* Headers */ = {
			isa = PBXHeadersBuildPhase;
			buildActionMask = 2147483647;
			files = (
				550B6FBE289AEEFE0025DB90 /* EssentialFeed.h in Headers */,
			);
			runOnlyForDeploymentPostprocessing = 0;
		};
/* End PBXHeadersBuildPhase section */

/* Begin PBXNativeTarget section */
		5501940C28A3E2D200EDD9E4 /* EssentialFeedEndToEndAPITests */ = {
			isa = PBXNativeTarget;
			buildConfigurationList = 5501941628A3E2D200EDD9E4 /* Build configuration list for PBXNativeTarget "EssentialFeedEndToEndAPITests" */;
			buildPhases = (
				5501940928A3E2D200EDD9E4 /* Sources */,
				5501940A28A3E2D200EDD9E4 /* Frameworks */,
				5501940B28A3E2D200EDD9E4 /* Resources */,
			);
			buildRules = (
			);
			dependencies = (
				5501941328A3E2D200EDD9E4 /* PBXTargetDependency */,
			);
			name = EssentialFeedEndToEndAPITests;
			productName = EssentialFeedEndToEndAPITests;
			productReference = 5501940D28A3E2D200EDD9E4 /* EssentialFeedEndToEndAPITests.xctest */;
			productType = "com.apple.product-type.bundle.unit-test";
		};
		550B6FAC289AEEFE0025DB90 /* EssentialFeed */ = {
			isa = PBXNativeTarget;
			buildConfigurationList = 550B6FC1289AEEFE0025DB90 /* Build configuration list for PBXNativeTarget "EssentialFeed" */;
			buildPhases = (
				550B6FA8289AEEFE0025DB90 /* Headers */,
				550B6FA9289AEEFE0025DB90 /* Sources */,
				550B6FAA289AEEFE0025DB90 /* Frameworks */,
				550B6FAB289AEEFE0025DB90 /* Resources */,
			);
			buildRules = (
			);
			dependencies = (
			);
			name = EssentialFeed;
			productName = EssentialFeed;
			productReference = 550B6FAD289AEEFE0025DB90 /* EssentialFeed.framework */;
			productType = "com.apple.product-type.framework";
		};
		550B6FB6289AEEFE0025DB90 /* EssentialFeedTests */ = {
			isa = PBXNativeTarget;
			buildConfigurationList = 550B6FC4289AEEFE0025DB90 /* Build configuration list for PBXNativeTarget "EssentialFeedTests" */;
			buildPhases = (
				550B6FB3289AEEFE0025DB90 /* Sources */,
				550B6FB4289AEEFE0025DB90 /* Frameworks */,
				550B6FB5289AEEFE0025DB90 /* Resources */,
			);
			buildRules = (
			);
			dependencies = (
				550B6FBA289AEEFE0025DB90 /* PBXTargetDependency */,
			);
			name = EssentialFeedTests;
			productName = EssentialFeedTests;
			productReference = 550B6FB7289AEEFE0025DB90 /* EssentialFeedTests.xctest */;
			productType = "com.apple.product-type.bundle.unit-test";
		};
/* End PBXNativeTarget section */

/* Begin PBXProject section */
		550B6FA4289AEEFE0025DB90 /* Project object */ = {
			isa = PBXProject;
			attributes = {
				BuildIndependentTargetsInParallel = 1;
				LastSwiftUpdateCheck = 1340;
				LastUpgradeCheck = 1340;
				TargetAttributes = {
					5501940C28A3E2D200EDD9E4 = {
						CreatedOnToolsVersion = 13.4.1;
					};
					550B6FAC289AEEFE0025DB90 = {
						CreatedOnToolsVersion = 13.4.1;
					};
					550B6FB6289AEEFE0025DB90 = {
						CreatedOnToolsVersion = 13.4.1;
					};
				};
			};
			buildConfigurationList = 550B6FA7289AEEFE0025DB90 /* Build configuration list for PBXProject "EssentialFeed" */;
			compatibilityVersion = "Xcode 13.0";
			developmentRegion = en;
			hasScannedForEncodings = 0;
			knownRegions = (
				en,
				Base,
			);
			mainGroup = 550B6FA3289AEEFE0025DB90;
			productRefGroup = 550B6FAE289AEEFE0025DB90 /* Products */;
			projectDirPath = "";
			projectRoot = "";
			targets = (
				550B6FAC289AEEFE0025DB90 /* EssentialFeed */,
				550B6FB6289AEEFE0025DB90 /* EssentialFeedTests */,
				5501940C28A3E2D200EDD9E4 /* EssentialFeedEndToEndAPITests */,
			);
		};
/* End PBXProject section */

/* Begin PBXResourcesBuildPhase section */
		5501940B28A3E2D200EDD9E4 /* Resources */ = {
			isa = PBXResourcesBuildPhase;
			buildActionMask = 2147483647;
			files = (
			);
			runOnlyForDeploymentPostprocessing = 0;
		};
		550B6FAB289AEEFE0025DB90 /* Resources */ = {
			isa = PBXResourcesBuildPhase;
			buildActionMask = 2147483647;
			files = (
			);
			runOnlyForDeploymentPostprocessing = 0;
		};
		550B6FB5289AEEFE0025DB90 /* Resources */ = {
			isa = PBXResourcesBuildPhase;
			buildActionMask = 2147483647;
			files = (
			);
			runOnlyForDeploymentPostprocessing = 0;
		};
/* End PBXResourcesBuildPhase section */

/* Begin PBXSourcesBuildPhase section */
		5501940928A3E2D200EDD9E4 /* Sources */ = {
			isa = PBXSourcesBuildPhase;
			buildActionMask = 2147483647;
			files = (
				5501941028A3E2D200EDD9E4 /* EssentialFeedEndToEndAPITests.swift in Sources */,
				5501941728A3F4F700EDD9E4 /* XCTestCase+MemoryLeakTracking.swift in Sources */,
			);
			runOnlyForDeploymentPostprocessing = 0;
		};
		550B6FA9289AEEFE0025DB90 /* Sources */ = {
			isa = PBXSourcesBuildPhase;
			buildActionMask = 2147483647;
			files = (
				5508A2A728AA8D9800A2CB30 /* LocalFeedImage.swift in Sources */,
				5508A2A328AA74C000A2CB30 /* FeedStore.swift in Sources */,
				55B2FC2528A2ABF900E8C82F /* URLSessionHTTPClient.swift in Sources */,
				55DD13E1289BE4FC00F5BCA6 /* RemoteFeedLoader.swift in Sources */,
				55E97911289E9B1100FC4E96 /* HTTPClient.swift in Sources */,
				550B6FCA289AF0100025DB90 /* FeedLoader.swift in Sources */,
				55E97913289E9B9200FC4E96 /* FeedItemsMapper.swift in Sources */,
				5508A2A528AA8D6100A2CB30 /* RemoteFeedItem.swift in Sources */,
				55A2BD2C28AD44CC00BFE175 /* FeedCachePolicy.swift in Sources */,
				550B6FC8289AEF800025DB90 /* FeedImage.swift in Sources */,
				5508A2A128AA743300A2CB30 /* LocalFeedLoader.swift in Sources */,
				550B6FB2289AEEFE0025DB90 /* EssentialFeed.docc in Sources */,
			);
			runOnlyForDeploymentPostprocessing = 0;
		};
		550B6FB3289AEEFE0025DB90 /* Sources */ = {
			isa = PBXSourcesBuildPhase;
			buildActionMask = 2147483647;
			files = (
				5568023928ACF637004DB8B2 /* FeedCacheTestHelpers.swift in Sources */,
				5568023728ACF16B004DB8B2 /* ValidateFeedCacheUseCaseTests.swift in Sources */,
				55DD13DE289BCC1200F5BCA6 /* LoadFeedFromRemoteUseCaseTests.swift in Sources */,
				55EBD3E628A14F550031D031 /* URLSessionHTTPClientTests.swift in Sources */,
				5591340028AB9412001B7AC9 /* FeedStoreSpy.swift in Sources */,
				5568023B28ACF6EC004DB8B2 /* SharedTestHelpers.swift in Sources */,
				5514506528A69D82003538FF /* CacheFeedUseCaseTests.swift in Sources */,
				559133FE28AB9303001B7AC9 /* LoadFeedFromCacheUseCaseTests.swift in Sources */,
				55B2FC2328A2989C00E8C82F /* XCTestCase+MemoryLeakTracking.swift in Sources */,
			);
			runOnlyForDeploymentPostprocessing = 0;
		};
/* End PBXSourcesBuildPhase section */

/* Begin PBXTargetDependency section */
		5501941328A3E2D200EDD9E4 /* PBXTargetDependency */ = {
			isa = PBXTargetDependency;
			target = 550B6FAC289AEEFE0025DB90 /* EssentialFeed */;
			targetProxy = 5501941228A3E2D200EDD9E4 /* PBXContainerItemProxy */;
		};
		550B6FBA289AEEFE0025DB90 /* PBXTargetDependency */ = {
			isa = PBXTargetDependency;
			target = 550B6FAC289AEEFE0025DB90 /* EssentialFeed */;
			targetProxy = 550B6FB9289AEEFE0025DB90 /* PBXContainerItemProxy */;
		};
/* End PBXTargetDependency section */

/* Begin XCBuildConfiguration section */
		5501941428A3E2D200EDD9E4 /* Debug */ = {
			isa = XCBuildConfiguration;
			buildSettings = {
				CODE_SIGN_STYLE = Automatic;
				CURRENT_PROJECT_VERSION = 1;
				DEVELOPMENT_TEAM = NYHBR423E7;
				GENERATE_INFOPLIST_FILE = YES;
				MARKETING_VERSION = 1.0;
				PRODUCT_BUNDLE_IDENTIFIER = com.negovskiy.EssentialFeedEndToEndAPITests;
				PRODUCT_NAME = "$(TARGET_NAME)";
				SWIFT_EMIT_LOC_STRINGS = NO;
				SWIFT_VERSION = 5.0;
			};
			name = Debug;
		};
		5501941528A3E2D200EDD9E4 /* Release */ = {
			isa = XCBuildConfiguration;
			buildSettings = {
				CODE_SIGN_STYLE = Automatic;
				CURRENT_PROJECT_VERSION = 1;
				DEVELOPMENT_TEAM = NYHBR423E7;
				GENERATE_INFOPLIST_FILE = YES;
				MARKETING_VERSION = 1.0;
				PRODUCT_BUNDLE_IDENTIFIER = com.negovskiy.EssentialFeedEndToEndAPITests;
				PRODUCT_NAME = "$(TARGET_NAME)";
				SWIFT_EMIT_LOC_STRINGS = NO;
				SWIFT_VERSION = 5.0;
			};
			name = Release;
		};
		550B6FBF289AEEFE0025DB90 /* Debug */ = {
			isa = XCBuildConfiguration;
			buildSettings = {
				ALWAYS_SEARCH_USER_PATHS = NO;
				CLANG_ANALYZER_NONNULL = YES;
				CLANG_ANALYZER_NUMBER_OBJECT_CONVERSION = YES_AGGRESSIVE;
				CLANG_CXX_LANGUAGE_STANDARD = "gnu++17";
				CLANG_ENABLE_MODULES = YES;
				CLANG_ENABLE_OBJC_ARC = YES;
				CLANG_ENABLE_OBJC_WEAK = YES;
				CLANG_WARN_BLOCK_CAPTURE_AUTORELEASING = YES;
				CLANG_WARN_BOOL_CONVERSION = YES;
				CLANG_WARN_COMMA = YES;
				CLANG_WARN_CONSTANT_CONVERSION = YES;
				CLANG_WARN_DEPRECATED_OBJC_IMPLEMENTATIONS = YES;
				CLANG_WARN_DIRECT_OBJC_ISA_USAGE = YES_ERROR;
				CLANG_WARN_DOCUMENTATION_COMMENTS = YES;
				CLANG_WARN_EMPTY_BODY = YES;
				CLANG_WARN_ENUM_CONVERSION = YES;
				CLANG_WARN_INFINITE_RECURSION = YES;
				CLANG_WARN_INT_CONVERSION = YES;
				CLANG_WARN_NON_LITERAL_NULL_CONVERSION = YES;
				CLANG_WARN_OBJC_IMPLICIT_RETAIN_SELF = YES;
				CLANG_WARN_OBJC_LITERAL_CONVERSION = YES;
				CLANG_WARN_OBJC_ROOT_CLASS = YES_ERROR;
				CLANG_WARN_QUOTED_INCLUDE_IN_FRAMEWORK_HEADER = YES;
				CLANG_WARN_RANGE_LOOP_ANALYSIS = YES;
				CLANG_WARN_STRICT_PROTOTYPES = YES;
				CLANG_WARN_SUSPICIOUS_MOVE = YES;
				CLANG_WARN_UNGUARDED_AVAILABILITY = YES_AGGRESSIVE;
				CLANG_WARN_UNREACHABLE_CODE = YES;
				CLANG_WARN__DUPLICATE_METHOD_MATCH = YES;
				COPY_PHASE_STRIP = NO;
				CURRENT_PROJECT_VERSION = 1;
				DEBUG_INFORMATION_FORMAT = dwarf;
				ENABLE_STRICT_OBJC_MSGSEND = YES;
				ENABLE_TESTABILITY = YES;
				GCC_C_LANGUAGE_STANDARD = gnu11;
				GCC_DYNAMIC_NO_PIC = NO;
				GCC_NO_COMMON_BLOCKS = YES;
				GCC_OPTIMIZATION_LEVEL = 0;
				GCC_PREPROCESSOR_DEFINITIONS = (
					"DEBUG=1",
					"$(inherited)",
				);
				GCC_WARN_64_TO_32_BIT_CONVERSION = YES;
				GCC_WARN_ABOUT_RETURN_TYPE = YES_ERROR;
				GCC_WARN_UNDECLARED_SELECTOR = YES;
				GCC_WARN_UNINITIALIZED_AUTOS = YES_AGGRESSIVE;
				GCC_WARN_UNUSED_FUNCTION = YES;
				GCC_WARN_UNUSED_VARIABLE = YES;
				MACOSX_DEPLOYMENT_TARGET = 10.10;
				MTL_ENABLE_DEBUG_INFO = INCLUDE_SOURCE;
				MTL_FAST_MATH = YES;
				ONLY_ACTIVE_ARCH = YES;
				SDKROOT = macosx;
				SWIFT_ACTIVE_COMPILATION_CONDITIONS = DEBUG;
				SWIFT_OPTIMIZATION_LEVEL = "-Onone";
				VERSIONING_SYSTEM = "apple-generic";
				VERSION_INFO_PREFIX = "";
			};
			name = Debug;
		};
		550B6FC0289AEEFE0025DB90 /* Release */ = {
			isa = XCBuildConfiguration;
			buildSettings = {
				ALWAYS_SEARCH_USER_PATHS = NO;
				CLANG_ANALYZER_NONNULL = YES;
				CLANG_ANALYZER_NUMBER_OBJECT_CONVERSION = YES_AGGRESSIVE;
				CLANG_CXX_LANGUAGE_STANDARD = "gnu++17";
				CLANG_ENABLE_MODULES = YES;
				CLANG_ENABLE_OBJC_ARC = YES;
				CLANG_ENABLE_OBJC_WEAK = YES;
				CLANG_WARN_BLOCK_CAPTURE_AUTORELEASING = YES;
				CLANG_WARN_BOOL_CONVERSION = YES;
				CLANG_WARN_COMMA = YES;
				CLANG_WARN_CONSTANT_CONVERSION = YES;
				CLANG_WARN_DEPRECATED_OBJC_IMPLEMENTATIONS = YES;
				CLANG_WARN_DIRECT_OBJC_ISA_USAGE = YES_ERROR;
				CLANG_WARN_DOCUMENTATION_COMMENTS = YES;
				CLANG_WARN_EMPTY_BODY = YES;
				CLANG_WARN_ENUM_CONVERSION = YES;
				CLANG_WARN_INFINITE_RECURSION = YES;
				CLANG_WARN_INT_CONVERSION = YES;
				CLANG_WARN_NON_LITERAL_NULL_CONVERSION = YES;
				CLANG_WARN_OBJC_IMPLICIT_RETAIN_SELF = YES;
				CLANG_WARN_OBJC_LITERAL_CONVERSION = YES;
				CLANG_WARN_OBJC_ROOT_CLASS = YES_ERROR;
				CLANG_WARN_QUOTED_INCLUDE_IN_FRAMEWORK_HEADER = YES;
				CLANG_WARN_RANGE_LOOP_ANALYSIS = YES;
				CLANG_WARN_STRICT_PROTOTYPES = YES;
				CLANG_WARN_SUSPICIOUS_MOVE = YES;
				CLANG_WARN_UNGUARDED_AVAILABILITY = YES_AGGRESSIVE;
				CLANG_WARN_UNREACHABLE_CODE = YES;
				CLANG_WARN__DUPLICATE_METHOD_MATCH = YES;
				COPY_PHASE_STRIP = NO;
				CURRENT_PROJECT_VERSION = 1;
				DEBUG_INFORMATION_FORMAT = "dwarf-with-dsym";
				ENABLE_NS_ASSERTIONS = NO;
				ENABLE_STRICT_OBJC_MSGSEND = YES;
				GCC_C_LANGUAGE_STANDARD = gnu11;
				GCC_NO_COMMON_BLOCKS = YES;
				GCC_WARN_64_TO_32_BIT_CONVERSION = YES;
				GCC_WARN_ABOUT_RETURN_TYPE = YES_ERROR;
				GCC_WARN_UNDECLARED_SELECTOR = YES;
				GCC_WARN_UNINITIALIZED_AUTOS = YES_AGGRESSIVE;
				GCC_WARN_UNUSED_FUNCTION = YES;
				GCC_WARN_UNUSED_VARIABLE = YES;
				MACOSX_DEPLOYMENT_TARGET = 10.10;
				MTL_ENABLE_DEBUG_INFO = NO;
				MTL_FAST_MATH = YES;
				SDKROOT = macosx;
				SWIFT_COMPILATION_MODE = wholemodule;
				SWIFT_OPTIMIZATION_LEVEL = "-O";
				VERSIONING_SYSTEM = "apple-generic";
				VERSION_INFO_PREFIX = "";
			};
			name = Release;
		};
		550B6FC2289AEEFE0025DB90 /* Debug */ = {
			isa = XCBuildConfiguration;
			buildSettings = {
				CODE_SIGN_STYLE = Automatic;
				COMBINE_HIDPI_IMAGES = YES;
				CURRENT_PROJECT_VERSION = 1;
				DEFINES_MODULE = YES;
				DEVELOPMENT_TEAM = NYHBR423E7;
				DYLIB_COMPATIBILITY_VERSION = 1;
				DYLIB_CURRENT_VERSION = 1;
				DYLIB_INSTALL_NAME_BASE = "@rpath";
				GENERATE_INFOPLIST_FILE = YES;
				INFOPLIST_KEY_NSHumanReadableCopyright = "";
				INSTALL_PATH = "$(LOCAL_LIBRARY_DIR)/Frameworks";
				LD_RUNPATH_SEARCH_PATHS = (
					"$(inherited)",
					"@executable_path/../Frameworks",
					"@loader_path/Frameworks",
				);
				MARKETING_VERSION = 1.0;
				PRODUCT_BUNDLE_IDENTIFIER = com.negovskiy.EssentialFeed;
				PRODUCT_NAME = "$(TARGET_NAME:c99extidentifier)";
				SKIP_INSTALL = YES;
				SWIFT_EMIT_LOC_STRINGS = YES;
				SWIFT_VERSION = 5.0;
			};
			name = Debug;
		};
		550B6FC3289AEEFE0025DB90 /* Release */ = {
			isa = XCBuildConfiguration;
			buildSettings = {
				CODE_SIGN_STYLE = Automatic;
				COMBINE_HIDPI_IMAGES = YES;
				CURRENT_PROJECT_VERSION = 1;
				DEFINES_MODULE = YES;
				DEVELOPMENT_TEAM = NYHBR423E7;
				DYLIB_COMPATIBILITY_VERSION = 1;
				DYLIB_CURRENT_VERSION = 1;
				DYLIB_INSTALL_NAME_BASE = "@rpath";
				GENERATE_INFOPLIST_FILE = YES;
				INFOPLIST_KEY_NSHumanReadableCopyright = "";
				INSTALL_PATH = "$(LOCAL_LIBRARY_DIR)/Frameworks";
				LD_RUNPATH_SEARCH_PATHS = (
					"$(inherited)",
					"@executable_path/../Frameworks",
					"@loader_path/Frameworks",
				);
				MARKETING_VERSION = 1.0;
				PRODUCT_BUNDLE_IDENTIFIER = com.negovskiy.EssentialFeed;
				PRODUCT_NAME = "$(TARGET_NAME:c99extidentifier)";
				SKIP_INSTALL = YES;
				SWIFT_EMIT_LOC_STRINGS = YES;
				SWIFT_VERSION = 5.0;
			};
			name = Release;
		};
		550B6FC5289AEEFE0025DB90 /* Debug */ = {
			isa = XCBuildConfiguration;
			buildSettings = {
				ALWAYS_EMBED_SWIFT_STANDARD_LIBRARIES = YES;
				CODE_SIGN_STYLE = Automatic;
				CURRENT_PROJECT_VERSION = 1;
				DEVELOPMENT_TEAM = NYHBR423E7;
				GENERATE_INFOPLIST_FILE = YES;
				MARKETING_VERSION = 1.0;
				PRODUCT_BUNDLE_IDENTIFIER = com.negovskiy.EssentialFeedTests;
				PRODUCT_NAME = "$(TARGET_NAME)";
				SWIFT_EMIT_LOC_STRINGS = NO;
				SWIFT_VERSION = 5.0;
			};
			name = Debug;
		};
		550B6FC6289AEEFE0025DB90 /* Release */ = {
			isa = XCBuildConfiguration;
			buildSettings = {
				ALWAYS_EMBED_SWIFT_STANDARD_LIBRARIES = YES;
				CODE_SIGN_STYLE = Automatic;
				CURRENT_PROJECT_VERSION = 1;
				DEVELOPMENT_TEAM = NYHBR423E7;
				GENERATE_INFOPLIST_FILE = YES;
				MARKETING_VERSION = 1.0;
				PRODUCT_BUNDLE_IDENTIFIER = com.negovskiy.EssentialFeedTests;
				PRODUCT_NAME = "$(TARGET_NAME)";
				SWIFT_EMIT_LOC_STRINGS = NO;
				SWIFT_VERSION = 5.0;
			};
			name = Release;
		};
/* End XCBuildConfiguration section */

/* Begin XCConfigurationList section */
		5501941628A3E2D200EDD9E4 /* Build configuration list for PBXNativeTarget "EssentialFeedEndToEndAPITests" */ = {
			isa = XCConfigurationList;
			buildConfigurations = (
				5501941428A3E2D200EDD9E4 /* Debug */,
				5501941528A3E2D200EDD9E4 /* Release */,
			);
			defaultConfigurationIsVisible = 0;
			defaultConfigurationName = Release;
		};
		550B6FA7289AEEFE0025DB90 /* Build configuration list for PBXProject "EssentialFeed" */ = {
			isa = XCConfigurationList;
			buildConfigurations = (
				550B6FBF289AEEFE0025DB90 /* Debug */,
				550B6FC0289AEEFE0025DB90 /* Release */,
			);
			defaultConfigurationIsVisible = 0;
			defaultConfigurationName = Release;
		};
		550B6FC1289AEEFE0025DB90 /* Build configuration list for PBXNativeTarget "EssentialFeed" */ = {
			isa = XCConfigurationList;
			buildConfigurations = (
				550B6FC2289AEEFE0025DB90 /* Debug */,
				550B6FC3289AEEFE0025DB90 /* Release */,
			);
			defaultConfigurationIsVisible = 0;
			defaultConfigurationName = Release;
		};
		550B6FC4289AEEFE0025DB90 /* Build configuration list for PBXNativeTarget "EssentialFeedTests" */ = {
			isa = XCConfigurationList;
			buildConfigurations = (
				550B6FC5289AEEFE0025DB90 /* Debug */,
				550B6FC6289AEEFE0025DB90 /* Release */,
			);
			defaultConfigurationIsVisible = 0;
			defaultConfigurationName = Release;
		};
/* End XCConfigurationList section */
	};
	rootObject = 550B6FA4289AEEFE0025DB90 /* Project object */;
}
