// !$*UTF8*$!
{
	archiveVersion = 1;
	classes = {
	};
	objectVersion = 56;
	objects = {

/* Begin PBXBuildFile section */
		55226DFD28D87114004F8059 /* FeedLoaderCacheDecorator.swift in Sources */ = {isa = PBXBuildFile; fileRef = 55226DFC28D87114004F8059 /* FeedLoaderCacheDecorator.swift */; };
		55226DFF28D873C6004F8059 /* FeedImageDataLoaderCacheDecoratorTests.swift in Sources */ = {isa = PBXBuildFile; fileRef = 55226DFE28D873C6004F8059 /* FeedImageDataLoaderCacheDecoratorTests.swift */; };
		55226E0128D87737004F8059 /* FeedImageDataLoaderSpy.swift in Sources */ = {isa = PBXBuildFile; fileRef = 55226E0028D87737004F8059 /* FeedImageDataLoaderSpy.swift */; };
		55226E0328D8779C004F8059 /* XCTestCase+FeedImageDataLoader.swift in Sources */ = {isa = PBXBuildFile; fileRef = 55226E0228D8779C004F8059 /* XCTestCase+FeedImageDataLoader.swift */; };
		55226E0728D87D53004F8059 /* FeedImageDataLoaderCacheDecorator.swift in Sources */ = {isa = PBXBuildFile; fileRef = 55226E0628D87D53004F8059 /* FeedImageDataLoaderCacheDecorator.swift */; };
		557037F028D0FD4B001D519F /* AppDelegate.swift in Sources */ = {isa = PBXBuildFile; fileRef = 557037EF28D0FD4B001D519F /* AppDelegate.swift */; };
		557037F228D0FD4B001D519F /* SceneDelegate.swift in Sources */ = {isa = PBXBuildFile; fileRef = 557037F128D0FD4B001D519F /* SceneDelegate.swift */; };
		557037F928D0FD4C001D519F /* Assets.xcassets in Resources */ = {isa = PBXBuildFile; fileRef = 557037F828D0FD4C001D519F /* Assets.xcassets */; };
		557037FC28D0FD4C001D519F /* LaunchScreen.storyboard in Resources */ = {isa = PBXBuildFile; fileRef = 557037FA28D0FD4C001D519F /* LaunchScreen.storyboard */; };
		5570382228D0FFF3001D519F /* EssentialFeed.framework in Frameworks */ = {isa = PBXBuildFile; fileRef = 5570382028D0FFF3001D519F /* EssentialFeed.framework */; };
		5570382328D0FFF3001D519F /* EssentialFeed.framework in Embed Frameworks */ = {isa = PBXBuildFile; fileRef = 5570382028D0FFF3001D519F /* EssentialFeed.framework */; settings = {ATTRIBUTES = (CodeSignOnCopy, RemoveHeadersOnCopy, ); }; };
		5570382428D0FFF3001D519F /* EssentialFeediOS.framework in Frameworks */ = {isa = PBXBuildFile; fileRef = 5570382128D0FFF3001D519F /* EssentialFeediOS.framework */; };
		5570382528D0FFF3001D519F /* EssentialFeediOS.framework in Embed Frameworks */ = {isa = PBXBuildFile; fileRef = 5570382128D0FFF3001D519F /* EssentialFeediOS.framework */; settings = {ATTRIBUTES = (CodeSignOnCopy, RemoveHeadersOnCopy, ); }; };
		5571BD2728D3812E00389A6A /* FeedLoaderWithFallbackCompositeTests.swift in Sources */ = {isa = PBXBuildFile; fileRef = 5571BD2628D3812E00389A6A /* FeedLoaderWithFallbackCompositeTests.swift */; };
		5571BD2928D38B4400389A6A /* FeedLoaderWithFallbackComposite.swift in Sources */ = {isa = PBXBuildFile; fileRef = 5571BD2828D38B4400389A6A /* FeedLoaderWithFallbackComposite.swift */; };
		5571BD2B28D38BB000389A6A /* FeedImageDataLoaderWithFallbackCompositeTests.swift in Sources */ = {isa = PBXBuildFile; fileRef = 5571BD2A28D38BB000389A6A /* FeedImageDataLoaderWithFallbackCompositeTests.swift */; };
		5571BD2D28D3978F00389A6A /* FeedImageDataLoaderWithFallbackComposite.swift in Sources */ = {isa = PBXBuildFile; fileRef = 5571BD2C28D3978F00389A6A /* FeedImageDataLoaderWithFallbackComposite.swift */; };
		5571BD2F28D397FD00389A6A /* XCTestCase+MemoryLeakTracking.swift in Sources */ = {isa = PBXBuildFile; fileRef = 5571BD2E28D397FD00389A6A /* XCTestCase+MemoryLeakTracking.swift */; };
		5571BD3228D3986500389A6A /* SharedTestHelpers.swift in Sources */ = {isa = PBXBuildFile; fileRef = 5571BD3128D3986500389A6A /* SharedTestHelpers.swift */; };
		5571BD3428D4D4DD00389A6A /* FeedLoaderCacheDecoratorTests.swift in Sources */ = {isa = PBXBuildFile; fileRef = 5571BD3328D4D4DD00389A6A /* FeedLoaderCacheDecoratorTests.swift */; };
		5571BD3628D4D8F700389A6A /* FeedLoaderStub.swift in Sources */ = {isa = PBXBuildFile; fileRef = 5571BD3528D4D8F700389A6A /* FeedLoaderStub.swift */; };
		5571BD3A28D4EB3F00389A6A /* XCTestCase+FeedLoader.swift in Sources */ = {isa = PBXBuildFile; fileRef = 5571BD3928D4EB3F00389A6A /* XCTestCase+FeedLoader.swift */; };
/* End PBXBuildFile section */

/* Begin PBXContainerItemProxy section */
		5570380328D0FD4C001D519F /* PBXContainerItemProxy */ = {
			isa = PBXContainerItemProxy;
			containerPortal = 557037E428D0FD4B001D519F /* Project object */;
			proxyType = 1;
			remoteGlobalIDString = 557037EB28D0FD4B001D519F;
			remoteInfo = EssentialApp;
		};
/* End PBXContainerItemProxy section */

/* Begin PBXCopyFilesBuildPhase section */
		5570382628D0FFF3001D519F /* Embed Frameworks */ = {
			isa = PBXCopyFilesBuildPhase;
			buildActionMask = 2147483647;
			dstPath = "";
			dstSubfolderSpec = 10;
			files = (
				5570382328D0FFF3001D519F /* EssentialFeed.framework in Embed Frameworks */,
				5570382528D0FFF3001D519F /* EssentialFeediOS.framework in Embed Frameworks */,
			);
			name = "Embed Frameworks";
			runOnlyForDeploymentPostprocessing = 0;
		};
/* End PBXCopyFilesBuildPhase section */

/* Begin PBXFileReference section */
		55226DFC28D87114004F8059 /* FeedLoaderCacheDecorator.swift */ = {isa = PBXFileReference; lastKnownFileType = sourcecode.swift; path = FeedLoaderCacheDecorator.swift; sourceTree = "<group>"; };
		55226DFE28D873C6004F8059 /* FeedImageDataLoaderCacheDecoratorTests.swift */ = {isa = PBXFileReference; lastKnownFileType = sourcecode.swift; path = FeedImageDataLoaderCacheDecoratorTests.swift; sourceTree = "<group>"; };
		55226E0028D87737004F8059 /* FeedImageDataLoaderSpy.swift */ = {isa = PBXFileReference; lastKnownFileType = sourcecode.swift; path = FeedImageDataLoaderSpy.swift; sourceTree = "<group>"; };
		55226E0228D8779C004F8059 /* XCTestCase+FeedImageDataLoader.swift */ = {isa = PBXFileReference; lastKnownFileType = sourcecode.swift; path = "XCTestCase+FeedImageDataLoader.swift"; sourceTree = "<group>"; };
		55226E0628D87D53004F8059 /* FeedImageDataLoaderCacheDecorator.swift */ = {isa = PBXFileReference; lastKnownFileType = sourcecode.swift; path = FeedImageDataLoaderCacheDecorator.swift; sourceTree = "<group>"; };
		557037EC28D0FD4B001D519F /* EssentialApp.app */ = {isa = PBXFileReference; explicitFileType = wrapper.application; includeInIndex = 0; path = EssentialApp.app; sourceTree = BUILT_PRODUCTS_DIR; };
		557037EF28D0FD4B001D519F /* AppDelegate.swift */ = {isa = PBXFileReference; lastKnownFileType = sourcecode.swift; path = AppDelegate.swift; sourceTree = "<group>"; };
		557037F128D0FD4B001D519F /* SceneDelegate.swift */ = {isa = PBXFileReference; lastKnownFileType = sourcecode.swift; path = SceneDelegate.swift; sourceTree = "<group>"; };
		557037F828D0FD4C001D519F /* Assets.xcassets */ = {isa = PBXFileReference; lastKnownFileType = folder.assetcatalog; path = Assets.xcassets; sourceTree = "<group>"; };
		557037FB28D0FD4C001D519F /* Base */ = {isa = PBXFileReference; lastKnownFileType = file.storyboard; name = Base; path = Base.lproj/LaunchScreen.storyboard; sourceTree = "<group>"; };
		557037FD28D0FD4C001D519F /* Info.plist */ = {isa = PBXFileReference; lastKnownFileType = text.plist.xml; path = Info.plist; sourceTree = "<group>"; };
		5570380228D0FD4C001D519F /* EssentialAppTests.xctest */ = {isa = PBXFileReference; explicitFileType = wrapper.cfbundle; includeInIndex = 0; path = EssentialAppTests.xctest; sourceTree = BUILT_PRODUCTS_DIR; };
		5570382028D0FFF3001D519F /* EssentialFeed.framework */ = {isa = PBXFileReference; explicitFileType = wrapper.framework; path = EssentialFeed.framework; sourceTree = BUILT_PRODUCTS_DIR; };
		5570382128D0FFF3001D519F /* EssentialFeediOS.framework */ = {isa = PBXFileReference; explicitFileType = wrapper.framework; path = EssentialFeediOS.framework; sourceTree = BUILT_PRODUCTS_DIR; };
		5571BD2628D3812E00389A6A /* FeedLoaderWithFallbackCompositeTests.swift */ = {isa = PBXFileReference; lastKnownFileType = sourcecode.swift; path = FeedLoaderWithFallbackCompositeTests.swift; sourceTree = "<group>"; };
		5571BD2828D38B4400389A6A /* FeedLoaderWithFallbackComposite.swift */ = {isa = PBXFileReference; lastKnownFileType = sourcecode.swift; path = FeedLoaderWithFallbackComposite.swift; sourceTree = "<group>"; };
		5571BD2A28D38BB000389A6A /* FeedImageDataLoaderWithFallbackCompositeTests.swift */ = {isa = PBXFileReference; lastKnownFileType = sourcecode.swift; path = FeedImageDataLoaderWithFallbackCompositeTests.swift; sourceTree = "<group>"; };
		5571BD2C28D3978F00389A6A /* FeedImageDataLoaderWithFallbackComposite.swift */ = {isa = PBXFileReference; lastKnownFileType = sourcecode.swift; path = FeedImageDataLoaderWithFallbackComposite.swift; sourceTree = "<group>"; };
		5571BD2E28D397FD00389A6A /* XCTestCase+MemoryLeakTracking.swift */ = {isa = PBXFileReference; lastKnownFileType = sourcecode.swift; path = "XCTestCase+MemoryLeakTracking.swift"; sourceTree = "<group>"; };
		5571BD3128D3986500389A6A /* SharedTestHelpers.swift */ = {isa = PBXFileReference; lastKnownFileType = sourcecode.swift; path = SharedTestHelpers.swift; sourceTree = "<group>"; };
		5571BD3328D4D4DD00389A6A /* FeedLoaderCacheDecoratorTests.swift */ = {isa = PBXFileReference; lastKnownFileType = sourcecode.swift; path = FeedLoaderCacheDecoratorTests.swift; sourceTree = "<group>"; };
		5571BD3528D4D8F700389A6A /* FeedLoaderStub.swift */ = {isa = PBXFileReference; lastKnownFileType = sourcecode.swift; path = FeedLoaderStub.swift; sourceTree = "<group>"; };
		5571BD3928D4EB3F00389A6A /* XCTestCase+FeedLoader.swift */ = {isa = PBXFileReference; lastKnownFileType = sourcecode.swift; path = "XCTestCase+FeedLoader.swift"; sourceTree = "<group>"; };
/* End PBXFileReference section */

/* Begin PBXFrameworksBuildPhase section */
		557037E928D0FD4B001D519F /* Frameworks */ = {
			isa = PBXFrameworksBuildPhase;
			buildActionMask = 2147483647;
			files = (
				5570382228D0FFF3001D519F /* EssentialFeed.framework in Frameworks */,
				5570382428D0FFF3001D519F /* EssentialFeediOS.framework in Frameworks */,
			);
			runOnlyForDeploymentPostprocessing = 0;
		};
		557037FF28D0FD4C001D519F /* Frameworks */ = {
			isa = PBXFrameworksBuildPhase;
			buildActionMask = 2147483647;
			files = (
			);
			runOnlyForDeploymentPostprocessing = 0;
		};
/* End PBXFrameworksBuildPhase section */

/* Begin PBXGroup section */
		557037E328D0FD4B001D519F = {
			isa = PBXGroup;
			children = (
				557037EE28D0FD4B001D519F /* EssentialApp */,
				5570380528D0FD4C001D519F /* EssentialAppTests */,
				557037ED28D0FD4B001D519F /* Products */,
				5570381F28D0FFF3001D519F /* Frameworks */,
			);
			sourceTree = "<group>";
		};
		557037ED28D0FD4B001D519F /* Products */ = {
			isa = PBXGroup;
			children = (
				557037EC28D0FD4B001D519F /* EssentialApp.app */,
				5570380228D0FD4C001D519F /* EssentialAppTests.xctest */,
			);
			name = Products;
			sourceTree = "<group>";
		};
		557037EE28D0FD4B001D519F /* EssentialApp */ = {
			isa = PBXGroup;
			children = (
				557037EF28D0FD4B001D519F /* AppDelegate.swift */,
				557037F128D0FD4B001D519F /* SceneDelegate.swift */,
				557037F828D0FD4C001D519F /* Assets.xcassets */,
				557037FA28D0FD4C001D519F /* LaunchScreen.storyboard */,
				557037FD28D0FD4C001D519F /* Info.plist */,
				5571BD2828D38B4400389A6A /* FeedLoaderWithFallbackComposite.swift */,
				5571BD2C28D3978F00389A6A /* FeedImageDataLoaderWithFallbackComposite.swift */,
				55226DFC28D87114004F8059 /* FeedLoaderCacheDecorator.swift */,
				55226E0628D87D53004F8059 /* FeedImageDataLoaderCacheDecorator.swift */,
			);
			path = EssentialApp;
			sourceTree = "<group>";
		};
		5570380528D0FD4C001D519F /* EssentialAppTests */ = {
			isa = PBXGroup;
			children = (
				5571BD3028D3981F00389A6A /* Helpers */,
				5571BD2628D3812E00389A6A /* FeedLoaderWithFallbackCompositeTests.swift */,
				5571BD2A28D38BB000389A6A /* FeedImageDataLoaderWithFallbackCompositeTests.swift */,
				5571BD3328D4D4DD00389A6A /* FeedLoaderCacheDecoratorTests.swift */,
				55226DFE28D873C6004F8059 /* FeedImageDataLoaderCacheDecoratorTests.swift */,
			);
			path = EssentialAppTests;
			sourceTree = "<group>";
		};
		5570381F28D0FFF3001D519F /* Frameworks */ = {
			isa = PBXGroup;
			children = (
				5570382028D0FFF3001D519F /* EssentialFeed.framework */,
				5570382128D0FFF3001D519F /* EssentialFeediOS.framework */,
			);
			name = Frameworks;
			sourceTree = "<group>";
		};
		5571BD3028D3981F00389A6A /* Helpers */ = {
			isa = PBXGroup;
			children = (
				5571BD2E28D397FD00389A6A /* XCTestCase+MemoryLeakTracking.swift */,
				5571BD3928D4EB3F00389A6A /* XCTestCase+FeedLoader.swift */,
				55226E0228D8779C004F8059 /* XCTestCase+FeedImageDataLoader.swift */,
				5571BD3128D3986500389A6A /* SharedTestHelpers.swift */,
				5571BD3528D4D8F700389A6A /* FeedLoaderStub.swift */,
				55226E0028D87737004F8059 /* FeedImageDataLoaderSpy.swift */,
			);
			path = Helpers;
			sourceTree = "<group>";
		};
/* End PBXGroup section */

/* Begin PBXNativeTarget section */
		557037EB28D0FD4B001D519F /* EssentialApp */ = {
			isa = PBXNativeTarget;
			buildConfigurationList = 5570381628D0FD4C001D519F /* Build configuration list for PBXNativeTarget "EssentialApp" */;
			buildPhases = (
				557037E828D0FD4B001D519F /* Sources */,
				557037E928D0FD4B001D519F /* Frameworks */,
				557037EA28D0FD4B001D519F /* Resources */,
				5570382628D0FFF3001D519F /* Embed Frameworks */,
			);
			buildRules = (
			);
			dependencies = (
			);
			name = EssentialApp;
			productName = EssentialApp;
			productReference = 557037EC28D0FD4B001D519F /* EssentialApp.app */;
			productType = "com.apple.product-type.application";
		};
		5570380128D0FD4C001D519F /* EssentialAppTests */ = {
			isa = PBXNativeTarget;
			buildConfigurationList = 5570381928D0FD4C001D519F /* Build configuration list for PBXNativeTarget "EssentialAppTests" */;
			buildPhases = (
				557037FE28D0FD4C001D519F /* Sources */,
				557037FF28D0FD4C001D519F /* Frameworks */,
				5570380028D0FD4C001D519F /* Resources */,
			);
			buildRules = (
			);
			dependencies = (
				5570380428D0FD4C001D519F /* PBXTargetDependency */,
			);
			name = EssentialAppTests;
			productName = EssentialAppTests;
			productReference = 5570380228D0FD4C001D519F /* EssentialAppTests.xctest */;
			productType = "com.apple.product-type.bundle.unit-test";
		};
/* End PBXNativeTarget section */

/* Begin PBXProject section */
		557037E428D0FD4B001D519F /* Project object */ = {
			isa = PBXProject;
			attributes = {
				BuildIndependentTargetsInParallel = 1;
				LastSwiftUpdateCheck = 1400;
				LastUpgradeCheck = 1400;
				TargetAttributes = {
					557037EB28D0FD4B001D519F = {
						CreatedOnToolsVersion = 14.0;
					};
					5570380128D0FD4C001D519F = {
						CreatedOnToolsVersion = 14.0;
						LastSwiftMigration = 1400;
						TestTargetID = 557037EB28D0FD4B001D519F;
					};
				};
			};
			buildConfigurationList = 557037E728D0FD4B001D519F /* Build configuration list for PBXProject "EssentialApp" */;
			compatibilityVersion = "Xcode 14.0";
			developmentRegion = en;
			hasScannedForEncodings = 0;
			knownRegions = (
				en,
				Base,
			);
			mainGroup = 557037E328D0FD4B001D519F;
			productRefGroup = 557037ED28D0FD4B001D519F /* Products */;
			projectDirPath = "";
			projectRoot = "";
			targets = (
				557037EB28D0FD4B001D519F /* EssentialApp */,
				5570380128D0FD4C001D519F /* EssentialAppTests */,
			);
		};
/* End PBXProject section */

/* Begin PBXResourcesBuildPhase section */
		557037EA28D0FD4B001D519F /* Resources */ = {
			isa = PBXResourcesBuildPhase;
			buildActionMask = 2147483647;
			files = (
				557037FC28D0FD4C001D519F /* LaunchScreen.storyboard in Resources */,
				557037F928D0FD4C001D519F /* Assets.xcassets in Resources */,
			);
			runOnlyForDeploymentPostprocessing = 0;
		};
		5570380028D0FD4C001D519F /* Resources */ = {
			isa = PBXResourcesBuildPhase;
			buildActionMask = 2147483647;
			files = (
			);
			runOnlyForDeploymentPostprocessing = 0;
		};
/* End PBXResourcesBuildPhase section */

/* Begin PBXSourcesBuildPhase section */
		557037E828D0FD4B001D519F /* Sources */ = {
			isa = PBXSourcesBuildPhase;
			buildActionMask = 2147483647;
			files = (
				5571BD2D28D3978F00389A6A /* FeedImageDataLoaderWithFallbackComposite.swift in Sources */,
				557037F028D0FD4B001D519F /* AppDelegate.swift in Sources */,
				5571BD2928D38B4400389A6A /* FeedLoaderWithFallbackComposite.swift in Sources */,
				55226E0728D87D53004F8059 /* FeedImageDataLoaderCacheDecorator.swift in Sources */,
				55226DFD28D87114004F8059 /* FeedLoaderCacheDecorator.swift in Sources */,
				557037F228D0FD4B001D519F /* SceneDelegate.swift in Sources */,
			);
			runOnlyForDeploymentPostprocessing = 0;
		};
		557037FE28D0FD4C001D519F /* Sources */ = {
			isa = PBXSourcesBuildPhase;
			buildActionMask = 2147483647;
			files = (
				5571BD3228D3986500389A6A /* SharedTestHelpers.swift in Sources */,
				55226DFF28D873C6004F8059 /* FeedImageDataLoaderCacheDecoratorTests.swift in Sources */,
				5571BD3A28D4EB3F00389A6A /* XCTestCase+FeedLoader.swift in Sources */,
				55226E0328D8779C004F8059 /* XCTestCase+FeedImageDataLoader.swift in Sources */,
				5571BD3628D4D8F700389A6A /* FeedLoaderStub.swift in Sources */,
				55226E0128D87737004F8059 /* FeedImageDataLoaderSpy.swift in Sources */,
				5571BD3428D4D4DD00389A6A /* FeedLoaderCacheDecoratorTests.swift in Sources */,
				5571BD2B28D38BB000389A6A /* FeedImageDataLoaderWithFallbackCompositeTests.swift in Sources */,
				5571BD2728D3812E00389A6A /* FeedLoaderWithFallbackCompositeTests.swift in Sources */,
				5571BD2F28D397FD00389A6A /* XCTestCase+MemoryLeakTracking.swift in Sources */,
			);
			runOnlyForDeploymentPostprocessing = 0;
		};
/* End PBXSourcesBuildPhase section */

/* Begin PBXTargetDependency section */
		5570380428D0FD4C001D519F /* PBXTargetDependency */ = {
			isa = PBXTargetDependency;
			platformFilter = ios;
			target = 557037EB28D0FD4B001D519F /* EssentialApp */;
			targetProxy = 5570380328D0FD4C001D519F /* PBXContainerItemProxy */;
		};
/* End PBXTargetDependency section */

/* Begin PBXVariantGroup section */
		557037FA28D0FD4C001D519F /* LaunchScreen.storyboard */ = {
			isa = PBXVariantGroup;
			children = (
				557037FB28D0FD4C001D519F /* Base */,
			);
			name = LaunchScreen.storyboard;
			sourceTree = "<group>";
		};
/* End PBXVariantGroup section */

/* Begin XCBuildConfiguration section */
		5570381428D0FD4C001D519F /* Debug */ = {
			isa = XCBuildConfiguration;
			buildSettings = {
				ALWAYS_SEARCH_USER_PATHS = NO;
				CLANG_ANALYZER_NONNULL = YES;
				CLANG_ANALYZER_NUMBER_OBJECT_CONVERSION = YES_AGGRESSIVE;
				CLANG_CXX_LANGUAGE_STANDARD = "gnu++20";
				CLANG_ENABLE_MODULES = YES;
				CLANG_ENABLE_OBJC_ARC = YES;
				CLANG_ENABLE_OBJC_WEAK = YES;
				CLANG_WARN_BLOCK_CAPTURE_AUTORELEASING = YES;
				CLANG_WARN_BOOL_CONVERSION = YES;
				CLANG_WARN_COMMA = YES;
				CLANG_WARN_CONSTANT_CONVERSION = YES;
				CLANG_WARN_DEPRECATED_OBJC_IMPLEMENTATIONS = YES;
				CLANG_WARN_DIRECT_OBJC_ISA_USAGE = YES_ERROR;
				CLANG_WARN_DOCUMENTATION_COMMENTS = YES;
				CLANG_WARN_EMPTY_BODY = YES;
				CLANG_WARN_ENUM_CONVERSION = YES;
				CLANG_WARN_INFINITE_RECURSION = YES;
				CLANG_WARN_INT_CONVERSION = YES;
				CLANG_WARN_NON_LITERAL_NULL_CONVERSION = YES;
				CLANG_WARN_OBJC_IMPLICIT_RETAIN_SELF = YES;
				CLANG_WARN_OBJC_LITERAL_CONVERSION = YES;
				CLANG_WARN_OBJC_ROOT_CLASS = YES_ERROR;
				CLANG_WARN_QUOTED_INCLUDE_IN_FRAMEWORK_HEADER = YES;
				CLANG_WARN_RANGE_LOOP_ANALYSIS = YES;
				CLANG_WARN_STRICT_PROTOTYPES = YES;
				CLANG_WARN_SUSPICIOUS_MOVE = YES;
				CLANG_WARN_UNGUARDED_AVAILABILITY = YES_AGGRESSIVE;
				CLANG_WARN_UNREACHABLE_CODE = YES;
				CLANG_WARN__DUPLICATE_METHOD_MATCH = YES;
				COPY_PHASE_STRIP = NO;
				DEBUG_INFORMATION_FORMAT = dwarf;
				ENABLE_STRICT_OBJC_MSGSEND = YES;
				ENABLE_TESTABILITY = YES;
				GCC_C_LANGUAGE_STANDARD = gnu11;
				GCC_DYNAMIC_NO_PIC = NO;
				GCC_NO_COMMON_BLOCKS = YES;
				GCC_OPTIMIZATION_LEVEL = 0;
				GCC_PREPROCESSOR_DEFINITIONS = (
					"DEBUG=1",
					"$(inherited)",
				);
				GCC_WARN_64_TO_32_BIT_CONVERSION = YES;
				GCC_WARN_ABOUT_RETURN_TYPE = YES_ERROR;
				GCC_WARN_UNDECLARED_SELECTOR = YES;
				GCC_WARN_UNINITIALIZED_AUTOS = YES_AGGRESSIVE;
				GCC_WARN_UNUSED_FUNCTION = YES;
				GCC_WARN_UNUSED_VARIABLE = YES;
				IPHONEOS_DEPLOYMENT_TARGET = 13.0;
				MTL_ENABLE_DEBUG_INFO = INCLUDE_SOURCE;
				MTL_FAST_MATH = YES;
				ONLY_ACTIVE_ARCH = YES;
				SDKROOT = iphoneos;
				SWIFT_ACTIVE_COMPILATION_CONDITIONS = DEBUG;
				SWIFT_OPTIMIZATION_LEVEL = "-Onone";
			};
			name = Debug;
		};
		5570381528D0FD4C001D519F /* Release */ = {
			isa = XCBuildConfiguration;
			buildSettings = {
				ALWAYS_SEARCH_USER_PATHS = NO;
				CLANG_ANALYZER_NONNULL = YES;
				CLANG_ANALYZER_NUMBER_OBJECT_CONVERSION = YES_AGGRESSIVE;
				CLANG_CXX_LANGUAGE_STANDARD = "gnu++20";
				CLANG_ENABLE_MODULES = YES;
				CLANG_ENABLE_OBJC_ARC = YES;
				CLANG_ENABLE_OBJC_WEAK = YES;
				CLANG_WARN_BLOCK_CAPTURE_AUTORELEASING = YES;
				CLANG_WARN_BOOL_CONVERSION = YES;
				CLANG_WARN_COMMA = YES;
				CLANG_WARN_CONSTANT_CONVERSION = YES;
				CLANG_WARN_DEPRECATED_OBJC_IMPLEMENTATIONS = YES;
				CLANG_WARN_DIRECT_OBJC_ISA_USAGE = YES_ERROR;
				CLANG_WARN_DOCUMENTATION_COMMENTS = YES;
				CLANG_WARN_EMPTY_BODY = YES;
				CLANG_WARN_ENUM_CONVERSION = YES;
				CLANG_WARN_INFINITE_RECURSION = YES;
				CLANG_WARN_INT_CONVERSION = YES;
				CLANG_WARN_NON_LITERAL_NULL_CONVERSION = YES;
				CLANG_WARN_OBJC_IMPLICIT_RETAIN_SELF = YES;
				CLANG_WARN_OBJC_LITERAL_CONVERSION = YES;
				CLANG_WARN_OBJC_ROOT_CLASS = YES_ERROR;
				CLANG_WARN_QUOTED_INCLUDE_IN_FRAMEWORK_HEADER = YES;
				CLANG_WARN_RANGE_LOOP_ANALYSIS = YES;
				CLANG_WARN_STRICT_PROTOTYPES = YES;
				CLANG_WARN_SUSPICIOUS_MOVE = YES;
				CLANG_WARN_UNGUARDED_AVAILABILITY = YES_AGGRESSIVE;
				CLANG_WARN_UNREACHABLE_CODE = YES;
				CLANG_WARN__DUPLICATE_METHOD_MATCH = YES;
				COPY_PHASE_STRIP = NO;
				DEBUG_INFORMATION_FORMAT = "dwarf-with-dsym";
				ENABLE_NS_ASSERTIONS = NO;
				ENABLE_STRICT_OBJC_MSGSEND = YES;
				GCC_C_LANGUAGE_STANDARD = gnu11;
				GCC_NO_COMMON_BLOCKS = YES;
				GCC_WARN_64_TO_32_BIT_CONVERSION = YES;
				GCC_WARN_ABOUT_RETURN_TYPE = YES_ERROR;
				GCC_WARN_UNDECLARED_SELECTOR = YES;
				GCC_WARN_UNINITIALIZED_AUTOS = YES_AGGRESSIVE;
				GCC_WARN_UNUSED_FUNCTION = YES;
				GCC_WARN_UNUSED_VARIABLE = YES;
				IPHONEOS_DEPLOYMENT_TARGET = 13.0;
				MTL_ENABLE_DEBUG_INFO = NO;
				MTL_FAST_MATH = YES;
				SDKROOT = iphoneos;
				SWIFT_COMPILATION_MODE = wholemodule;
				SWIFT_OPTIMIZATION_LEVEL = "-O";
				VALIDATE_PRODUCT = YES;
			};
			name = Release;
		};
		5570381728D0FD4C001D519F /* Debug */ = {
			isa = XCBuildConfiguration;
			buildSettings = {
				ASSETCATALOG_COMPILER_APPICON_NAME = AppIcon;
				ASSETCATALOG_COMPILER_GLOBAL_ACCENT_COLOR_NAME = AccentColor;
				CODE_SIGN_STYLE = Automatic;
				CURRENT_PROJECT_VERSION = 1;
				DEVELOPMENT_TEAM = NYHBR423E7;
				GENERATE_INFOPLIST_FILE = YES;
				INFOPLIST_FILE = EssentialApp/Info.plist;
				INFOPLIST_KEY_UIApplicationSupportsIndirectInputEvents = YES;
				INFOPLIST_KEY_UILaunchStoryboardName = LaunchScreen;
				INFOPLIST_KEY_UISupportedInterfaceOrientations = UIInterfaceOrientationPortrait;
				INFOPLIST_KEY_UISupportedInterfaceOrientations_iPad = "UIInterfaceOrientationPortrait UIInterfaceOrientationPortraitUpsideDown";
				LD_RUNPATH_SEARCH_PATHS = (
					"$(inherited)",
					"@executable_path/Frameworks",
				);
				MARKETING_VERSION = 1.0;
				PRODUCT_BUNDLE_IDENTIFIER = com.negovskiy.EssentialApp;
				PRODUCT_NAME = "$(TARGET_NAME)";
				SWIFT_EMIT_LOC_STRINGS = YES;
				SWIFT_VERSION = 5.0;
				TARGETED_DEVICE_FAMILY = "1,2";
			};
			name = Debug;
		};
		5570381828D0FD4C001D519F /* Release */ = {
			isa = XCBuildConfiguration;
			buildSettings = {
				ASSETCATALOG_COMPILER_APPICON_NAME = AppIcon;
				ASSETCATALOG_COMPILER_GLOBAL_ACCENT_COLOR_NAME = AccentColor;
				CODE_SIGN_STYLE = Automatic;
				CURRENT_PROJECT_VERSION = 1;
				DEVELOPMENT_TEAM = NYHBR423E7;
				GENERATE_INFOPLIST_FILE = YES;
				INFOPLIST_FILE = EssentialApp/Info.plist;
				INFOPLIST_KEY_UIApplicationSupportsIndirectInputEvents = YES;
				INFOPLIST_KEY_UILaunchStoryboardName = LaunchScreen;
				INFOPLIST_KEY_UISupportedInterfaceOrientations = UIInterfaceOrientationPortrait;
				INFOPLIST_KEY_UISupportedInterfaceOrientations_iPad = "UIInterfaceOrientationPortrait UIInterfaceOrientationPortraitUpsideDown";
				LD_RUNPATH_SEARCH_PATHS = (
					"$(inherited)",
					"@executable_path/Frameworks",
				);
				MARKETING_VERSION = 1.0;
				PRODUCT_BUNDLE_IDENTIFIER = com.negovskiy.EssentialApp;
				PRODUCT_NAME = "$(TARGET_NAME)";
				SWIFT_EMIT_LOC_STRINGS = YES;
				SWIFT_VERSION = 5.0;
				TARGETED_DEVICE_FAMILY = "1,2";
			};
			name = Release;
		};
		5570381A28D0FD4C001D519F /* Debug */ = {
			isa = XCBuildConfiguration;
			buildSettings = {
				ALWAYS_EMBED_SWIFT_STANDARD_LIBRARIES = YES;
				BUNDLE_LOADER = "$(TEST_HOST)";
				CLANG_ENABLE_MODULES = YES;
				CODE_SIGN_STYLE = Automatic;
				CURRENT_PROJECT_VERSION = 1;
				DEVELOPMENT_TEAM = NYHBR423E7;
				GENERATE_INFOPLIST_FILE = YES;
				LD_RUNPATH_SEARCH_PATHS = (
					"$(inherited)",
					"@executable_path/Frameworks",
					"@loader_path/Frameworks",
				);
				MARKETING_VERSION = 1.0;
				PRODUCT_BUNDLE_IDENTIFIER = com.negovskiy.EssentialAppTests;
				PRODUCT_NAME = "$(TARGET_NAME)";
				SUPPORTED_PLATFORMS = "iphoneos iphonesimulator";
				SUPPORTS_MACCATALYST = YES;
				SUPPORTS_MAC_DESIGNED_FOR_IPHONE_IPAD = YES;
				SWIFT_EMIT_LOC_STRINGS = NO;
				SWIFT_OPTIMIZATION_LEVEL = "-Onone";
				SWIFT_VERSION = 5.0;
				TARGETED_DEVICE_FAMILY = "1,2";
				TEST_HOST = "$(BUILT_PRODUCTS_DIR)/EssentialApp.app/$(BUNDLE_EXECUTABLE_FOLDER_PATH)/EssentialApp";
			};
			name = Debug;
		};
		5570381B28D0FD4C001D519F /* Release */ = {
			isa = XCBuildConfiguration;
			buildSettings = {
				ALWAYS_EMBED_SWIFT_STANDARD_LIBRARIES = YES;
				BUNDLE_LOADER = "$(TEST_HOST)";
				CLANG_ENABLE_MODULES = YES;
				CODE_SIGN_STYLE = Automatic;
				CURRENT_PROJECT_VERSION = 1;
				DEVELOPMENT_TEAM = NYHBR423E7;
				GENERATE_INFOPLIST_FILE = YES;
				LD_RUNPATH_SEARCH_PATHS = (
					"$(inherited)",
					"@executable_path/Frameworks",
					"@loader_path/Frameworks",
				);
				MARKETING_VERSION = 1.0;
				PRODUCT_BUNDLE_IDENTIFIER = com.negovskiy.EssentialAppTests;
				PRODUCT_NAME = "$(TARGET_NAME)";
				SUPPORTED_PLATFORMS = "iphoneos iphonesimulator";
				SUPPORTS_MACCATALYST = YES;
				SUPPORTS_MAC_DESIGNED_FOR_IPHONE_IPAD = YES;
				SWIFT_EMIT_LOC_STRINGS = NO;
				SWIFT_VERSION = 5.0;
				TARGETED_DEVICE_FAMILY = "1,2";
				TEST_HOST = "$(BUILT_PRODUCTS_DIR)/EssentialApp.app/$(BUNDLE_EXECUTABLE_FOLDER_PATH)/EssentialApp";
			};
			name = Release;
		};
/* End XCBuildConfiguration section */

/* Begin XCConfigurationList section */
		557037E728D0FD4B001D519F /* Build configuration list for PBXProject "EssentialApp" */ = {
			isa = XCConfigurationList;
			buildConfigurations = (
				5570381428D0FD4C001D519F /* Debug */,
				5570381528D0FD4C001D519F /* Release */,
			);
			defaultConfigurationIsVisible = 0;
			defaultConfigurationName = Release;
		};
		5570381628D0FD4C001D519F /* Build configuration list for PBXNativeTarget "EssentialApp" */ = {
			isa = XCConfigurationList;
			buildConfigurations = (
				5570381728D0FD4C001D519F /* Debug */,
				5570381828D0FD4C001D519F /* Release */,
			);
			defaultConfigurationIsVisible = 0;
			defaultConfigurationName = Release;
		};
		5570381928D0FD4C001D519F /* Build configuration list for PBXNativeTarget "EssentialAppTests" */ = {
			isa = XCConfigurationList;
			buildConfigurations = (
				5570381A28D0FD4C001D519F /* Debug */,
				5570381B28D0FD4C001D519F /* Release */,
			);
			defaultConfigurationIsVisible = 0;
			defaultConfigurationName = Release;
		};
/* End XCConfigurationList section */
	};
	rootObject = 557037E428D0FD4B001D519F /* Project object */;
}
